
Microsoft Visual Studio Solution File, Format Version 12.00
# Visual Studio Version 17
VisualStudioVersion = 17.0.31903.59
MinimumVisualStudioVersion = 10.0.40219.1
Project("{FAE04EC0-301F-11D3-BF4B-00C04F79EFBC}") = "Api", "Api\Api.csproj", "{9BDED9DE-06B4-40C2-8760-62C44B58F0AF}"
EndProject
Project("{FAE04EC0-301F-11D3-BF4B-00C04F79EFBC}") = "Core", "Core\Core.csproj", "{D469A4A0-648F-4874-AED1-E4DFD6C8673A}"
EndProject
Project("{FAE04EC0-301F-11D3-BF4B-00C04F79EFBC}") = "Application", "Application\Application.csproj", "{FDE1FCC3-50CD-4A6C-B02E-82A32C9C967E}"
EndProject
Project("{FAE04EC0-301F-11D3-BF4B-00C04F79EFBC}") = "Infrastructure", "Infrastructure\Infrastructure.csproj", "{2479B6AF-DB1A-4A5D-807D-4ABC3BD0D084}"
EndProject
Project("{FAE04EC0-301F-11D3-BF4B-00C04F79EFBC}") = "Shared", "Shared\Shared.csproj", "{32DC6D9A-F26F-460A-B765-028E1C72E32A}"
EndProject
Global
	GlobalSection(SolutionConfigurationPlatforms) = preSolution
		Debug|Any CPU = Debug|Any CPU
		Debug|x64 = Debug|x64
		Debug|x86 = Debug|x86
		Release|Any CPU = Release|Any CPU
		Release|x64 = Release|x64
		Release|x86 = Release|x86
	EndGlobalSection
	GlobalSection(ProjectConfigurationPlatforms) = postSolution
		{9BDED9DE-06B4-40C2-8760-62C44B58F0AF}.Debug|Any CPU.ActiveCfg = Debug|Any CPU
		{9BDED9DE-06B4-40C2-8760-62C44B58F0AF}.Debug|Any CPU.Build.0 = Debug|Any CPU
		{9BDED9DE-06B4-40C2-8760-62C44B58F0AF}.Debug|x64.ActiveCfg = Debug|Any CPU
		{9BDED9DE-06B4-40C2-8760-62C44B58F0AF}.Debug|x64.Build.0 = Debug|Any CPU
		{9BDED9DE-06B4-40C2-8760-62C44B58F0AF}.Debug|x86.ActiveCfg = Debug|Any CPU
		{9BDED9DE-06B4-40C2-8760-62C44B58F0AF}.Debug|x86.Build.0 = Debug|Any CPU
		{9BDED9DE-06B4-40C2-8760-62C44B58F0AF}.Release|Any CPU.ActiveCfg = Release|Any CPU
		{9BDED9DE-06B4-40C2-8760-62C44B58F0AF}.Release|Any CPU.Build.0 = Release|Any CPU
		{9BDED9DE-06B4-40C2-8760-62C44B58F0AF}.Release|x64.ActiveCfg = Release|Any CPU
		{9BDED9DE-06B4-40C2-8760-62C44B58F0AF}.Release|x64.Build.0 = Release|Any CPU
		{9BDED9DE-06B4-40C2-8760-62C44B58F0AF}.Release|x86.ActiveCfg = Release|Any CPU
		{9BDED9DE-06B4-40C2-8760-62C44B58F0AF}.Release|x86.Build.0 = Release|Any CPU
		{D469A4A0-648F-4874-AED1-E4DFD6C8673A}.Debug|Any CPU.ActiveCfg = Debug|Any CPU
		{D469A4A0-648F-4874-AED1-E4DFD6C8673A}.Debug|Any CPU.Build.0 = Debug|Any CPU
		{D469A4A0-648F-4874-AED1-E4DFD6C8673A}.Debug|x64.ActiveCfg = Debug|Any CPU
		{D469A4A0-648F-4874-AED1-E4DFD6C8673A}.Debug|x64.Build.0 = Debug|Any CPU
		{D469A4A0-648F-4874-AED1-E4DFD6C8673A}.Debug|x86.ActiveCfg = Debug|Any CPU
		{D469A4A0-648F-4874-AED1-E4DFD6C8673A}.Debug|x86.Build.0 = Debug|Any CPU
		{D469A4A0-648F-4874-AED1-E4DFD6C8673A}.Release|Any CPU.ActiveCfg = Release|Any CPU
		{D469A4A0-648F-4874-AED1-E4DFD6C8673A}.Release|Any CPU.Build.0 = Release|Any CPU
		{D469A4A0-648F-4874-AED1-E4DFD6C8673A}.Release|x64.ActiveCfg = Release|Any CPU
		{D469A4A0-648F-4874-AED1-E4DFD6C8673A}.Release|x64.Build.0 = Release|Any CPU
		{D469A4A0-648F-4874-AED1-E4DFD6C8673A}.Release|x86.ActiveCfg = Release|Any CPU
		{D469A4A0-648F-4874-AED1-E4DFD6C8673A}.Release|x86.Build.0 = Release|Any CPU
		{FDE1FCC3-50CD-4A6C-B02E-82A32C9C967E}.Debug|Any CPU.ActiveCfg = Debug|Any CPU
		{FDE1FCC3-50CD-4A6C-B02E-82A32C9C967E}.Debug|Any CPU.Build.0 = Debug|Any CPU
		{FDE1FCC3-50CD-4A6C-B02E-82A32C9C967E}.Debug|x64.ActiveCfg = Debug|Any CPU
		{FDE1FCC3-50CD-4A6C-B02E-82A32C9C967E}.Debug|x64.Build.0 = Debug|Any CPU
		{FDE1FCC3-50CD-4A6C-B02E-82A32C9C967E}.Debug|x86.ActiveCfg = Debug|Any CPU
		{FDE1FCC3-50CD-4A6C-B02E-82A32C9C967E}.Debug|x86.Build.0 = Debug|Any CPU
		{FDE1FCC3-50CD-4A6C-B02E-82A32C9C967E}.Release|Any CPU.ActiveCfg = Release|Any CPU
		{FDE1FCC3-50CD-4A6C-B02E-82A32C9C967E}.Release|Any CPU.Build.0 = Release|Any CPU
		{FDE1FCC3-50CD-4A6C-B02E-82A32C9C967E}.Release|x64.ActiveCfg = Release|Any CPU
		{FDE1FCC3-50CD-4A6C-B02E-82A32C9C967E}.Release|x64.Build.0 = Release|Any CPU
		{FDE1FCC3-50CD-4A6C-B02E-82A32C9C967E}.Release|x86.ActiveCfg = Release|Any CPU
		{FDE1FCC3-50CD-4A6C-B02E-82A32C9C967E}.Release|x86.Build.0 = Release|Any CPU
		{2479B6AF-DB1A-4A5D-807D-4ABC3BD0D084}.Debug|Any CPU.ActiveCfg = Debug|Any CPU
		{2479B6AF-DB1A-4A5D-807D-4ABC3BD0D084}.Debug|Any CPU.Build.0 = Debug|Any CPU
		{2479B6AF-DB1A-4A5D-807D-4ABC3BD0D084}.Debug|x64.ActiveCfg = Debug|Any CPU
		{2479B6AF-DB1A-4A5D-807D-4ABC3BD0D084}.Debug|x64.Build.0 = Debug|Any CPU
		{2479B6AF-DB1A-4A5D-807D-4ABC3BD0D084}.Debug|x86.ActiveCfg = Debug|Any CPU
		{2479B6AF-DB1A-4A5D-807D-4ABC3BD0D084}.Debug|x86.Build.0 = Debug|Any CPU
		{2479B6AF-DB1A-4A5D-807D-4ABC3BD0D084}.Release|Any CPU.ActiveCfg = Release|Any CPU
		{2479B6AF-DB1A-4A5D-807D-4ABC3BD0D084}.Release|Any CPU.Build.0 = Release|Any CPU
		{2479B6AF-DB1A-4A5D-807D-4ABC3BD0D084}.Release|x64.ActiveCfg = Release|Any CPU
		{2479B6AF-DB1A-4A5D-807D-4ABC3BD0D084}.Release|x64.Build.0 = Release|Any CPU
		{2479B6AF-DB1A-4A5D-807D-4ABC3BD0D084}.Release|x86.ActiveCfg = Release|Any CPU
		{2479B6AF-DB1A-4A5D-807D-4ABC3BD0D084}.Release|x86.Build.0 = Release|Any CPU
		{32DC6D9A-F26F-460A-B765-028E1C72E32A}.Debug|Any CPU.ActiveCfg = Debug|Any CPU
		{32DC6D9A-F26F-460A-B765-028E1C72E32A}.Debug|Any CPU.Build.0 = Debug|Any CPU
		{32DC6D9A-F26F-460A-B765-028E1C72E32A}.Debug|x64.ActiveCfg = Debug|Any CPU
		{32DC6D9A-F26F-460A-B765-028E1C72E32A}.Debug|x64.Build.0 = Debug|Any CPU
		{32DC6D9A-F26F-460A-B765-028E1C72E32A}.Debug|x86.ActiveCfg = Debug|Any CPU
		{32DC6D9A-F26F-460A-B765-028E1C72E32A}.Debug|x86.Build.0 = Debug|Any CPU
		{32DC6D9A-F26F-460A-B765-028E1C72E32A}.Release|Any CPU.ActiveCfg = Release|Any CPU
		{32DC6D9A-F26F-460A-B765-028E1C72E32A}.Release|Any CPU.Build.0 = Release|Any CPU
		{32DC6D9A-F26F-460A-B765-028E1C72E32A}.Release|x64.ActiveCfg = Release|Any CPU
		{32DC6D9A-F26F-460A-B765-028E1C72E32A}.Release|x64.Build.0 = Release|Any CPU
		{32DC6D9A-F26F-460A-B765-028E1C72E32A}.Release|x86.ActiveCfg = Release|Any CPU
		{32DC6D9A-F26F-460A-B765-028E1C72E32A}.Release|x86.Build.0 = Release|Any CPU
	EndGlobalSection
	GlobalSection(SolutionProperties) = preSolution
		HideSolutionNode = FALSE
	EndGlobalSection
EndGlobal
